
Microsoft Visual Studio Solution File, Format Version 12.00
# Visual Studio Version 16
VisualStudioVersion = 16.0.30621.155
MinimumVisualStudioVersion = 10.0.40219.1
Project("{FAE04EC0-301F-11D3-BF4B-00C04F79EFBC}") = "diplom", "diplom\diplom.csproj", "{93D45FD6-A24A-45D0-B659-B7932CC98C9B}"
EndProject
Project("{FAE04EC0-301F-11D3-BF4B-00C04F79EFBC}") = "questEditor", "questEditor\questEditor.csproj", "{B752A191-E709-4C89-8BA3-172A1215B537}"
EndProject
Global
	GlobalSection(SolutionConfigurationPlatforms) = preSolution
		Debug|Any CPU = Debug|Any CPU
		Release|Any CPU = Release|Any CPU
	EndGlobalSection
	GlobalSection(ProjectConfigurationPlatforms) = postSolution
		{93D45FD6-A24A-45D0-B659-B7932CC98C9B}.Debug|Any CPU.ActiveCfg = Debug|Any CPU
		{93D45FD6-A24A-45D0-B659-B7932CC98C9B}.Debug|Any CPU.Build.0 = Debug|Any CPU
		{93D45FD6-A24A-45D0-B659-B7932CC98C9B}.Release|Any CPU.ActiveCfg = Release|Any CPU
		{93D45FD6-A24A-45D0-B659-B7932CC98C9B}.Release|Any CPU.Build.0 = Release|Any CPU
		{B752A191-E709-4C89-8BA3-172A1215B537}.Debug|Any CPU.ActiveCfg = Debug|Any CPU
		{B752A191-E709-4C89-8BA3-172A1215B537}.Debug|Any CPU.Build.0 = Debug|Any CPU
		{B752A191-E709-4C89-8BA3-172A1215B537}.Release|Any CPU.ActiveCfg = Release|Any CPU
		{B752A191-E709-4C89-8BA3-172A1215B537}.Release|Any CPU.Build.0 = Release|Any CPU
	EndGlobalSection
	GlobalSection(SolutionProperties) = preSolution
		HideSolutionNode = FALSE
	EndGlobalSection
	GlobalSection(ExtensibilityGlobals) = postSolution
		SolutionGuid = {81D8DE12-9AC7-40B9-92F2-AC488008EB0D}
	EndGlobalSection
EndGlobal
